
Microsoft Visual Studio Solution File, Format Version 12.00
# Visual Studio Version 16
VisualStudioVersion = 16.0.31911.196
MinimumVisualStudioVersion = 10.0.40219.1
Project("{FAE04EC0-301F-11D3-BF4B-00C04F79EFBC}") = "ConsoleApp1", "ConsoleApp1\ConsoleApp1.csproj", "{CBF9B9D3-3EA3-4EF7-AC48-F7396B74DD53}"
EndProject
Project("{FAE04EC0-301F-11D3-BF4B-00C04F79EFBC}") = "Entities", "Entities\Entities.csproj", "{5EE76EB5-39BA-437B-8D3A-86D0548E9E50}"
EndProject
Project("{FAE04EC0-301F-11D3-BF4B-00C04F79EFBC}") = "Core", "Core\Core.csproj", "{6FC9948F-7BE3-443A-89CB-89493782A3A0}"
EndProject
Global
	GlobalSection(SolutionConfigurationPlatforms) = preSolution
		Debug|Any CPU = Debug|Any CPU
		Release|Any CPU = Release|Any CPU
	EndGlobalSection
	GlobalSection(ProjectConfigurationPlatforms) = postSolution
		{CBF9B9D3-3EA3-4EF7-AC48-F7396B74DD53}.Debug|Any CPU.ActiveCfg = Debug|Any CPU
		{CBF9B9D3-3EA3-4EF7-AC48-F7396B74DD53}.Debug|Any CPU.Build.0 = Debug|Any CPU
		{CBF9B9D3-3EA3-4EF7-AC48-F7396B74DD53}.Release|Any CPU.ActiveCfg = Release|Any CPU
		{CBF9B9D3-3EA3-4EF7-AC48-F7396B74DD53}.Release|Any CPU.Build.0 = Release|Any CPU
		{5EE76EB5-39BA-437B-8D3A-86D0548E9E50}.Debug|Any CPU.ActiveCfg = Debug|Any CPU
		{5EE76EB5-39BA-437B-8D3A-86D0548E9E50}.Debug|Any CPU.Build.0 = Debug|Any CPU
		{5EE76EB5-39BA-437B-8D3A-86D0548E9E50}.Release|Any CPU.ActiveCfg = Release|Any CPU
		{5EE76EB5-39BA-437B-8D3A-86D0548E9E50}.Release|Any CPU.Build.0 = Release|Any CPU
		{6FC9948F-7BE3-443A-89CB-89493782A3A0}.Debug|Any CPU.ActiveCfg = Debug|Any CPU
		{6FC9948F-7BE3-443A-89CB-89493782A3A0}.Debug|Any CPU.Build.0 = Debug|Any CPU
		{6FC9948F-7BE3-443A-89CB-89493782A3A0}.Release|Any CPU.ActiveCfg = Release|Any CPU
		{6FC9948F-7BE3-443A-89CB-89493782A3A0}.Release|Any CPU.Build.0 = Release|Any CPU
	EndGlobalSection
	GlobalSection(SolutionProperties) = preSolution
		HideSolutionNode = FALSE
	EndGlobalSection
	GlobalSection(ExtensibilityGlobals) = postSolution
		SolutionGuid = {86CCEE15-41C3-4117-8373-E7AFEF3DC8E7}
	EndGlobalSection
EndGlobal
